
Microsoft Visual Studio Solution File, Format Version 12.00
# Visual Studio Version 17
VisualStudioVersion = 17.5.33424.131
MinimumVisualStudioVersion = 10.0.40219.1
Project("{FAE04EC0-301F-11D3-BF4B-00C04F79EFBC}") = "Web", "Web\Web.csproj", "{669668C6-8EA4-422D-9DD5-382D9EF8FEFA}"
EndProject
Project("{FAE04EC0-301F-11D3-BF4B-00C04F79EFBC}") = "Mikrotik", "Mikrotik\Mikrotik.csproj", "{7A8AC6B0-9B6A-4508-9A84-4B6A092FEF8B}"
EndProject
Global
	GlobalSection(SolutionConfigurationPlatforms) = preSolution
		Debug|Any CPU = Debug|Any CPU
		Release|Any CPU = Release|Any CPU
	EndGlobalSection
	GlobalSection(ProjectConfigurationPlatforms) = postSolution
		{669668C6-8EA4-422D-9DD5-382D9EF8FEFA}.Debug|Any CPU.ActiveCfg = Debug|Any CPU
		{669668C6-8EA4-422D-9DD5-382D9EF8FEFA}.Debug|Any CPU.Build.0 = Debug|Any CPU
		{669668C6-8EA4-422D-9DD5-382D9EF8FEFA}.Release|Any CPU.ActiveCfg = Release|Any CPU
		{669668C6-8EA4-422D-9DD5-382D9EF8FEFA}.Release|Any CPU.Build.0 = Release|Any CPU
		{7A8AC6B0-9B6A-4508-9A84-4B6A092FEF8B}.Debug|Any CPU.ActiveCfg = Debug|Any CPU
		{7A8AC6B0-9B6A-4508-9A84-4B6A092FEF8B}.Debug|Any CPU.Build.0 = Debug|Any CPU
		{7A8AC6B0-9B6A-4508-9A84-4B6A092FEF8B}.Release|Any CPU.ActiveCfg = Release|Any CPU
		{7A8AC6B0-9B6A-4508-9A84-4B6A092FEF8B}.Release|Any CPU.Build.0 = Release|Any CPU
	EndGlobalSection
	GlobalSection(SolutionProperties) = preSolution
		HideSolutionNode = FALSE
	EndGlobalSection
	GlobalSection(ExtensibilityGlobals) = postSolution
		SolutionGuid = {EA7590FD-E43B-42C4-9EED-CBA786D1C7ED}
	EndGlobalSection
EndGlobal
